
Microsoft Visual Studio Solution File, Format Version 12.00
# Visual Studio 15
VisualStudioVersion = 15.0.28307.960
MinimumVisualStudioVersion = 10.0.40219.1
Project("{8BC9CEB8-8B4A-11D0-8D11-00A0C91BC942}") = "ILI_sim", "ILI_sim\ILI_sim.vcxproj", "{95FA01EE-5092-48CF-852D-A4C37CD01D82}"
EndProject
Global
	GlobalSection(SolutionConfigurationPlatforms) = preSolution
		Debug|x64 = Debug|x64
		Debug|x86 = Debug|x86
		Release|x64 = Release|x64
		Release|x86 = Release|x86
	EndGlobalSection
	GlobalSection(ProjectConfigurationPlatforms) = postSolution
		{95FA01EE-5092-48CF-852D-A4C37CD01D82}.Debug|x64.ActiveCfg = Debug|x64
		{95FA01EE-5092-48CF-852D-A4C37CD01D82}.Debug|x64.Build.0 = Debug|x64
		{95FA01EE-5092-48CF-852D-A4C37CD01D82}.Debug|x86.ActiveCfg = Debug|Win32
		{95FA01EE-5092-48CF-852D-A4C37CD01D82}.Debug|x86.Build.0 = Debug|Win32
		{95FA01EE-5092-48CF-852D-A4C37CD01D82}.Release|x64.ActiveCfg = Release|x64
		{95FA01EE-5092-48CF-852D-A4C37CD01D82}.Release|x64.Build.0 = Release|x64
		{95FA01EE-5092-48CF-852D-A4C37CD01D82}.Release|x86.ActiveCfg = Release|Win32
		{95FA01EE-5092-48CF-852D-A4C37CD01D82}.Release|x86.Build.0 = Release|Win32
	EndGlobalSection
	GlobalSection(SolutionProperties) = preSolution
		HideSolutionNode = FALSE
	EndGlobalSection
	GlobalSection(ExtensibilityGlobals) = postSolution
		SolutionGuid = {F0DCA526-114A-4814-A696-B13EF26F04C7}
	EndGlobalSection
EndGlobal
